// !$*UTF8*$!
{
	archiveVersion = 1;
	classes = {
	};
	objectVersion = 55;
	objects = {

/* Begin PBXBuildFile section */
		33614157281B10FF0016247E /* HomeViewController.swift in Sources */ = {isa = PBXBuildFile; fileRef = 33614156281B10FF0016247E /* HomeViewController.swift */; };
		3361415A281B110F0016247E /* HomeViewModel.swift in Sources */ = {isa = PBXBuildFile; fileRef = 33614159281B110F0016247E /* HomeViewModel.swift */; };
		33614165281B13CE0016247E /* HomeConfigurator.swift in Sources */ = {isa = PBXBuildFile; fileRef = 33614164281B13CE0016247E /* HomeConfigurator.swift */; };
		33614167281B15DF0016247E /* HomeOutput.swift in Sources */ = {isa = PBXBuildFile; fileRef = 33614166281B15DF0016247E /* HomeOutput.swift */; };
		33614169281B1A940016247E /* AppCoordinator.swift in Sources */ = {isa = PBXBuildFile; fileRef = 33614168281B1A940016247E /* AppCoordinator.swift */; };
		3361416C281C0E340016247E /* UICollectionViewCell+.swift in Sources */ = {isa = PBXBuildFile; fileRef = 3361416B281C0E330016247E /* UICollectionViewCell+.swift */; };
		3361416F281C0EBC0016247E /* HomeNewsCell.swift in Sources */ = {isa = PBXBuildFile; fileRef = 3361416E281C0EBC0016247E /* HomeNewsCell.swift */; };
		33614173281C10DF0016247E /* HomeSectionModel.swift in Sources */ = {isa = PBXBuildFile; fileRef = 33614172281C10DF0016247E /* HomeSectionModel.swift */; };
		33614175281C11DB0016247E /* HomeMajorNewCellModel.swift in Sources */ = {isa = PBXBuildFile; fileRef = 33614174281C11DB0016247E /* HomeMajorNewCellModel.swift */; };
		33614179281C15C30016247E /* HomeNewsCellModel.swift in Sources */ = {isa = PBXBuildFile; fileRef = 33614178281C15C30016247E /* HomeNewsCellModel.swift */; };
		3361418D281C18FD0016247E /* MainNewsCellModel.swift in Sources */ = {isa = PBXBuildFile; fileRef = 3361417F281C18FD0016247E /* MainNewsCellModel.swift */; };
		3361418E281C18FD0016247E /* MainNewsListViewModel.swift in Sources */ = {isa = PBXBuildFile; fileRef = 33614180281C18FD0016247E /* MainNewsListViewModel.swift */; };
		3361418F281C18FD0016247E /* MainNewsListOutput.swift in Sources */ = {isa = PBXBuildFile; fileRef = 33614181281C18FD0016247E /* MainNewsListOutput.swift */; };
		33614190281C18FD0016247E /* NewModel.swift in Sources */ = {isa = PBXBuildFile; fileRef = 33614183281C18FD0016247E /* NewModel.swift */; };
		33614191281C18FD0016247E /* NewsModel.swift in Sources */ = {isa = PBXBuildFile; fileRef = 33614184281C18FD0016247E /* NewsModel.swift */; };
		33614192281C18FD0016247E /* NewSourceModel.swift in Sources */ = {isa = PBXBuildFile; fileRef = 33614185281C18FD0016247E /* NewSourceModel.swift */; };
		33614193281C18FD0016247E /* MainNewsListViewController.swift in Sources */ = {isa = PBXBuildFile; fileRef = 33614187281C18FD0016247E /* MainNewsListViewController.swift */; };
		33614194281C18FD0016247E /* MainNewsListConfigurator.swift in Sources */ = {isa = PBXBuildFile; fileRef = 33614189281C18FD0016247E /* MainNewsListConfigurator.swift */; };
		33614195281C18FD0016247E /* NewsServiceProtocol.swift in Sources */ = {isa = PBXBuildFile; fileRef = 3361418B281C18FD0016247E /* NewsServiceProtocol.swift */; };
		33614196281C18FD0016247E /* NewsService.swift in Sources */ = {isa = PBXBuildFile; fileRef = 3361418C281C18FD0016247E /* NewsService.swift */; };
		33614198281C1D240016247E /* HomeMajorNewCell.swift in Sources */ = {isa = PBXBuildFile; fileRef = 33614197281C1D240016247E /* HomeMajorNewCell.swift */; };
		3361419E281C2BFF0016247E /* HomeCollectonViewDataSource.swift in Sources */ = {isa = PBXBuildFile; fileRef = 3361419D281C2BFF0016247E /* HomeCollectonViewDataSource.swift */; };
		336141A3281C58B30016247E /* ImageLoader.swift in Sources */ = {isa = PBXBuildFile; fileRef = 336141A2281C58B30016247E /* ImageLoader.swift */; };
		336141A5281C59190016247E /* UIImageLoader.swift in Sources */ = {isa = PBXBuildFile; fileRef = 336141A4281C59190016247E /* UIImageLoader.swift */; };
		336141A7281C59CC0016247E /* UIImageView+.swift in Sources */ = {isa = PBXBuildFile; fileRef = 336141A6281C59CC0016247E /* UIImageView+.swift */; };
		336141AA281C60240016247E /* Paddings.swift in Sources */ = {isa = PBXBuildFile; fileRef = 336141A9281C60240016247E /* Paddings.swift */; };
		336141AC281C6A220016247E /* HomeCollectionViewLayout.swift in Sources */ = {isa = PBXBuildFile; fileRef = 336141AB281C6A220016247E /* HomeCollectionViewLayout.swift */; };
		33766054281AD68A000047C6 /* AppDelegate.swift in Sources */ = {isa = PBXBuildFile; fileRef = 33766053281AD68A000047C6 /* AppDelegate.swift */; };
		3376605D281AD68D000047C6 /* Assets.xcassets in Resources */ = {isa = PBXBuildFile; fileRef = 3376605C281AD68D000047C6 /* Assets.xcassets */; };
		33766060281AD68D000047C6 /* LaunchScreen.storyboard in Resources */ = {isa = PBXBuildFile; fileRef = 3376605E281AD68D000047C6 /* LaunchScreen.storyboard */; };
		3376606B281AD68D000047C6 /* StocksTests.swift in Sources */ = {isa = PBXBuildFile; fileRef = 3376606A281AD68D000047C6 /* StocksTests.swift */; };
		33766075281AD68D000047C6 /* StocksUITests.swift in Sources */ = {isa = PBXBuildFile; fileRef = 33766074281AD68D000047C6 /* StocksUITests.swift */; };
		33766077281AD68D000047C6 /* StocksUITestsLaunchTests.swift in Sources */ = {isa = PBXBuildFile; fileRef = 33766076281AD68D000047C6 /* StocksUITestsLaunchTests.swift */; };
		33766086281AD7D2000047C6 /* Configuration.swift in Sources */ = {isa = PBXBuildFile; fileRef = 33766085281AD7D2000047C6 /* Configuration.swift */; };
		33766089281AD7F1000047C6 /* Debug.xcconfig in Resources */ = {isa = PBXBuildFile; fileRef = 33766087281AD7F1000047C6 /* Debug.xcconfig */; };
		3376608A281AD7F1000047C6 /* Release.xcconfig in Resources */ = {isa = PBXBuildFile; fileRef = 33766088281AD7F1000047C6 /* Release.xcconfig */; };
		3376608D281ADC6D000047C6 /* DependencyFactory.swift in Sources */ = {isa = PBXBuildFile; fileRef = 3376608C281ADC6D000047C6 /* DependencyFactory.swift */; };
		3376608F281ADC75000047C6 /* DependencyFactoryProtocol.swift in Sources */ = {isa = PBXBuildFile; fileRef = 3376608E281ADC75000047C6 /* DependencyFactoryProtocol.swift */; };
		33766093281ADCF0000047C6 /* ModulesFactoryProtocol.swift in Sources */ = {isa = PBXBuildFile; fileRef = 33766092281ADCF0000047C6 /* ModulesFactoryProtocol.swift */; };
		33766095281ADD09000047C6 /* ModulesFactory.swift in Sources */ = {isa = PBXBuildFile; fileRef = 33766094281ADD09000047C6 /* ModulesFactory.swift */; };
		33766098281AE5E7000047C6 /* NetworkService.swift in Sources */ = {isa = PBXBuildFile; fileRef = 33766097281AE5E7000047C6 /* NetworkService.swift */; };
		3376609A281AE638000047C6 /* Response.swift in Sources */ = {isa = PBXBuildFile; fileRef = 33766099281AE638000047C6 /* Response.swift */; };
		3376609C281AE766000047C6 /* ArticlesAPI.swift in Sources */ = {isa = PBXBuildFile; fileRef = 3376609B281AE766000047C6 /* ArticlesAPI.swift */; };
		3376609E281AEBF8000047C6 /* URLRequestBuilder.swift in Sources */ = {isa = PBXBuildFile; fileRef = 3376609D281AEBF8000047C6 /* URLRequestBuilder.swift */; };
		337660A0281AEC02000047C6 /* URLRequestBuilderProtocol.swift in Sources */ = {isa = PBXBuildFile; fileRef = 3376609F281AEC02000047C6 /* URLRequestBuilderProtocol.swift */; };
		337660A2281AECA9000047C6 /* NetworkAPI.swift in Sources */ = {isa = PBXBuildFile; fileRef = 337660A1281AECA9000047C6 /* NetworkAPI.swift */; };
		337660A4281AECC3000047C6 /* HttpMethod.swift in Sources */ = {isa = PBXBuildFile; fileRef = 337660A3281AECC3000047C6 /* HttpMethod.swift */; };
		337660A6281AECCE000047C6 /* HttpClientError.swift in Sources */ = {isa = PBXBuildFile; fileRef = 337660A5281AECCE000047C6 /* HttpClientError.swift */; };
		337660B5281B00FA000047C6 /* JSONDecoder+.swift in Sources */ = {isa = PBXBuildFile; fileRef = 337660B4281B00FA000047C6 /* JSONDecoder+.swift */; };
		337660B7281B014E000047C6 /* RequestBuilder+.swift in Sources */ = {isa = PBXBuildFile; fileRef = 337660B6281B014E000047C6 /* RequestBuilder+.swift */; };
		337660C0281B07BB000047C6 /* DateFormatter+.swift in Sources */ = {isa = PBXBuildFile; fileRef = 337660BF281B07BB000047C6 /* DateFormatter+.swift */; };
		337660C3281B07FF000047C6 /* Locale+.swift in Sources */ = {isa = PBXBuildFile; fileRef = 337660C2281B07FF000047C6 /* Locale+.swift */; };
/* End PBXBuildFile section */

/* Begin PBXContainerItemProxy section */
		33766067281AD68D000047C6 /* PBXContainerItemProxy */ = {
			isa = PBXContainerItemProxy;
			containerPortal = 33766048281AD68A000047C6 /* Project object */;
			proxyType = 1;
			remoteGlobalIDString = 3376604F281AD68A000047C6;
			remoteInfo = Stocks;
		};
		33766071281AD68D000047C6 /* PBXContainerItemProxy */ = {
			isa = PBXContainerItemProxy;
			containerPortal = 33766048281AD68A000047C6 /* Project object */;
			proxyType = 1;
			remoteGlobalIDString = 3376604F281AD68A000047C6;
			remoteInfo = Stocks;
		};
/* End PBXContainerItemProxy section */

/* Begin PBXFileReference section */
		33614156281B10FF0016247E /* HomeViewController.swift */ = {isa = PBXFileReference; lastKnownFileType = sourcecode.swift; path = HomeViewController.swift; sourceTree = "<group>"; };
		33614159281B110F0016247E /* HomeViewModel.swift */ = {isa = PBXFileReference; lastKnownFileType = sourcecode.swift; path = HomeViewModel.swift; sourceTree = "<group>"; };
		33614164281B13CE0016247E /* HomeConfigurator.swift */ = {isa = PBXFileReference; lastKnownFileType = sourcecode.swift; path = HomeConfigurator.swift; sourceTree = "<group>"; };
		33614166281B15DF0016247E /* HomeOutput.swift */ = {isa = PBXFileReference; lastKnownFileType = sourcecode.swift; path = HomeOutput.swift; sourceTree = "<group>"; };
		33614168281B1A940016247E /* AppCoordinator.swift */ = {isa = PBXFileReference; lastKnownFileType = sourcecode.swift; path = AppCoordinator.swift; sourceTree = "<group>"; };
		3361416B281C0E330016247E /* UICollectionViewCell+.swift */ = {isa = PBXFileReference; lastKnownFileType = sourcecode.swift; path = "UICollectionViewCell+.swift"; sourceTree = "<group>"; };
		3361416E281C0EBC0016247E /* HomeNewsCell.swift */ = {isa = PBXFileReference; lastKnownFileType = sourcecode.swift; path = HomeNewsCell.swift; sourceTree = "<group>"; };
		33614172281C10DF0016247E /* HomeSectionModel.swift */ = {isa = PBXFileReference; lastKnownFileType = sourcecode.swift; path = HomeSectionModel.swift; sourceTree = "<group>"; };
		33614174281C11DB0016247E /* HomeMajorNewCellModel.swift */ = {isa = PBXFileReference; lastKnownFileType = sourcecode.swift; path = HomeMajorNewCellModel.swift; sourceTree = "<group>"; };
		33614178281C15C30016247E /* HomeNewsCellModel.swift */ = {isa = PBXFileReference; lastKnownFileType = sourcecode.swift; path = HomeNewsCellModel.swift; sourceTree = "<group>"; };
		3361417F281C18FD0016247E /* MainNewsCellModel.swift */ = {isa = PBXFileReference; fileEncoding = 4; lastKnownFileType = sourcecode.swift; path = MainNewsCellModel.swift; sourceTree = "<group>"; };
		33614180281C18FD0016247E /* MainNewsListViewModel.swift */ = {isa = PBXFileReference; fileEncoding = 4; lastKnownFileType = sourcecode.swift; path = MainNewsListViewModel.swift; sourceTree = "<group>"; };
		33614181281C18FD0016247E /* MainNewsListOutput.swift */ = {isa = PBXFileReference; fileEncoding = 4; lastKnownFileType = sourcecode.swift; path = MainNewsListOutput.swift; sourceTree = "<group>"; };
		33614183281C18FD0016247E /* NewModel.swift */ = {isa = PBXFileReference; fileEncoding = 4; lastKnownFileType = sourcecode.swift; path = NewModel.swift; sourceTree = "<group>"; };
		33614184281C18FD0016247E /* NewsModel.swift */ = {isa = PBXFileReference; fileEncoding = 4; lastKnownFileType = sourcecode.swift; path = NewsModel.swift; sourceTree = "<group>"; };
		33614185281C18FD0016247E /* NewSourceModel.swift */ = {isa = PBXFileReference; fileEncoding = 4; lastKnownFileType = sourcecode.swift; path = NewSourceModel.swift; sourceTree = "<group>"; };
		33614187281C18FD0016247E /* MainNewsListViewController.swift */ = {isa = PBXFileReference; fileEncoding = 4; lastKnownFileType = sourcecode.swift; path = MainNewsListViewController.swift; sourceTree = "<group>"; };
		33614189281C18FD0016247E /* MainNewsListConfigurator.swift */ = {isa = PBXFileReference; fileEncoding = 4; lastKnownFileType = sourcecode.swift; path = MainNewsListConfigurator.swift; sourceTree = "<group>"; };
		3361418B281C18FD0016247E /* NewsServiceProtocol.swift */ = {isa = PBXFileReference; fileEncoding = 4; lastKnownFileType = sourcecode.swift; path = NewsServiceProtocol.swift; sourceTree = "<group>"; };
		3361418C281C18FD0016247E /* NewsService.swift */ = {isa = PBXFileReference; fileEncoding = 4; lastKnownFileType = sourcecode.swift; path = NewsService.swift; sourceTree = "<group>"; };
		33614197281C1D240016247E /* HomeMajorNewCell.swift */ = {isa = PBXFileReference; lastKnownFileType = sourcecode.swift; path = HomeMajorNewCell.swift; sourceTree = "<group>"; };
		3361419D281C2BFF0016247E /* HomeCollectonViewDataSource.swift */ = {isa = PBXFileReference; lastKnownFileType = sourcecode.swift; path = HomeCollectonViewDataSource.swift; sourceTree = "<group>"; };
		336141A2281C58B30016247E /* ImageLoader.swift */ = {isa = PBXFileReference; lastKnownFileType = sourcecode.swift; path = ImageLoader.swift; sourceTree = "<group>"; };
		336141A4281C59190016247E /* UIImageLoader.swift */ = {isa = PBXFileReference; lastKnownFileType = sourcecode.swift; path = UIImageLoader.swift; sourceTree = "<group>"; };
		336141A6281C59CC0016247E /* UIImageView+.swift */ = {isa = PBXFileReference; lastKnownFileType = sourcecode.swift; path = "UIImageView+.swift"; sourceTree = "<group>"; };
		336141A9281C60240016247E /* Paddings.swift */ = {isa = PBXFileReference; lastKnownFileType = sourcecode.swift; path = Paddings.swift; sourceTree = "<group>"; };
		336141AB281C6A220016247E /* HomeCollectionViewLayout.swift */ = {isa = PBXFileReference; lastKnownFileType = sourcecode.swift; path = HomeCollectionViewLayout.swift; sourceTree = "<group>"; };
		33766050281AD68A000047C6 /* Stocks.app */ = {isa = PBXFileReference; explicitFileType = wrapper.application; includeInIndex = 0; path = Stocks.app; sourceTree = BUILT_PRODUCTS_DIR; };
		33766053281AD68A000047C6 /* AppDelegate.swift */ = {isa = PBXFileReference; lastKnownFileType = sourcecode.swift; path = AppDelegate.swift; sourceTree = "<group>"; };
		3376605C281AD68D000047C6 /* Assets.xcassets */ = {isa = PBXFileReference; lastKnownFileType = folder.assetcatalog; path = Assets.xcassets; sourceTree = "<group>"; };
		3376605F281AD68D000047C6 /* Base */ = {isa = PBXFileReference; lastKnownFileType = file.storyboard; name = Base; path = Base.lproj/LaunchScreen.storyboard; sourceTree = "<group>"; };
		33766061281AD68D000047C6 /* Info.plist */ = {isa = PBXFileReference; lastKnownFileType = text.plist.xml; path = Info.plist; sourceTree = "<group>"; };
		33766066281AD68D000047C6 /* StocksTests.xctest */ = {isa = PBXFileReference; explicitFileType = wrapper.cfbundle; includeInIndex = 0; path = StocksTests.xctest; sourceTree = BUILT_PRODUCTS_DIR; };
		3376606A281AD68D000047C6 /* StocksTests.swift */ = {isa = PBXFileReference; lastKnownFileType = sourcecode.swift; path = StocksTests.swift; sourceTree = "<group>"; };
		33766070281AD68D000047C6 /* StocksUITests.xctest */ = {isa = PBXFileReference; explicitFileType = wrapper.cfbundle; includeInIndex = 0; path = StocksUITests.xctest; sourceTree = BUILT_PRODUCTS_DIR; };
		33766074281AD68D000047C6 /* StocksUITests.swift */ = {isa = PBXFileReference; lastKnownFileType = sourcecode.swift; path = StocksUITests.swift; sourceTree = "<group>"; };
		33766076281AD68D000047C6 /* StocksUITestsLaunchTests.swift */ = {isa = PBXFileReference; lastKnownFileType = sourcecode.swift; path = StocksUITestsLaunchTests.swift; sourceTree = "<group>"; };
		33766085281AD7D2000047C6 /* Configuration.swift */ = {isa = PBXFileReference; lastKnownFileType = sourcecode.swift; path = Configuration.swift; sourceTree = "<group>"; };
		33766087281AD7F1000047C6 /* Debug.xcconfig */ = {isa = PBXFileReference; fileEncoding = 4; lastKnownFileType = text.xcconfig; path = Debug.xcconfig; sourceTree = "<group>"; };
		33766088281AD7F1000047C6 /* Release.xcconfig */ = {isa = PBXFileReference; fileEncoding = 4; lastKnownFileType = text.xcconfig; path = Release.xcconfig; sourceTree = "<group>"; };
		3376608C281ADC6D000047C6 /* DependencyFactory.swift */ = {isa = PBXFileReference; lastKnownFileType = sourcecode.swift; path = DependencyFactory.swift; sourceTree = "<group>"; };
		3376608E281ADC75000047C6 /* DependencyFactoryProtocol.swift */ = {isa = PBXFileReference; lastKnownFileType = sourcecode.swift; path = DependencyFactoryProtocol.swift; sourceTree = "<group>"; };
		33766092281ADCF0000047C6 /* ModulesFactoryProtocol.swift */ = {isa = PBXFileReference; lastKnownFileType = sourcecode.swift; path = ModulesFactoryProtocol.swift; sourceTree = "<group>"; };
		33766094281ADD09000047C6 /* ModulesFactory.swift */ = {isa = PBXFileReference; lastKnownFileType = sourcecode.swift; path = ModulesFactory.swift; sourceTree = "<group>"; };
		33766097281AE5E7000047C6 /* NetworkService.swift */ = {isa = PBXFileReference; lastKnownFileType = sourcecode.swift; path = NetworkService.swift; sourceTree = "<group>"; };
		33766099281AE638000047C6 /* Response.swift */ = {isa = PBXFileReference; lastKnownFileType = sourcecode.swift; path = Response.swift; sourceTree = "<group>"; };
		3376609B281AE766000047C6 /* ArticlesAPI.swift */ = {isa = PBXFileReference; lastKnownFileType = sourcecode.swift; path = ArticlesAPI.swift; sourceTree = "<group>"; };
		3376609D281AEBF8000047C6 /* URLRequestBuilder.swift */ = {isa = PBXFileReference; lastKnownFileType = sourcecode.swift; path = URLRequestBuilder.swift; sourceTree = "<group>"; };
		3376609F281AEC02000047C6 /* URLRequestBuilderProtocol.swift */ = {isa = PBXFileReference; lastKnownFileType = sourcecode.swift; path = URLRequestBuilderProtocol.swift; sourceTree = "<group>"; };
		337660A1281AECA9000047C6 /* NetworkAPI.swift */ = {isa = PBXFileReference; lastKnownFileType = sourcecode.swift; path = NetworkAPI.swift; sourceTree = "<group>"; };
		337660A3281AECC3000047C6 /* HttpMethod.swift */ = {isa = PBXFileReference; lastKnownFileType = sourcecode.swift; path = HttpMethod.swift; sourceTree = "<group>"; };
		337660A5281AECCE000047C6 /* HttpClientError.swift */ = {isa = PBXFileReference; lastKnownFileType = sourcecode.swift; path = HttpClientError.swift; sourceTree = "<group>"; };
		337660B4281B00FA000047C6 /* JSONDecoder+.swift */ = {isa = PBXFileReference; lastKnownFileType = sourcecode.swift; path = "JSONDecoder+.swift"; sourceTree = "<group>"; };
		337660B6281B014E000047C6 /* RequestBuilder+.swift */ = {isa = PBXFileReference; lastKnownFileType = sourcecode.swift; path = "RequestBuilder+.swift"; sourceTree = "<group>"; };
		337660BF281B07BB000047C6 /* DateFormatter+.swift */ = {isa = PBXFileReference; lastKnownFileType = sourcecode.swift; path = "DateFormatter+.swift"; sourceTree = "<group>"; };
		337660C2281B07FF000047C6 /* Locale+.swift */ = {isa = PBXFileReference; lastKnownFileType = sourcecode.swift; path = "Locale+.swift"; sourceTree = "<group>"; };
/* End PBXFileReference section */

/* Begin PBXFrameworksBuildPhase section */
		3376604D281AD68A000047C6 /* Frameworks */ = {
			isa = PBXFrameworksBuildPhase;
			buildActionMask = 2147483647;
			files = (
			);
			runOnlyForDeploymentPostprocessing = 0;
		};
		33766063281AD68D000047C6 /* Frameworks */ = {
			isa = PBXFrameworksBuildPhase;
			buildActionMask = 2147483647;
			files = (
			);
			runOnlyForDeploymentPostprocessing = 0;
		};
		3376606D281AD68D000047C6 /* Frameworks */ = {
			isa = PBXFrameworksBuildPhase;
			buildActionMask = 2147483647;
			files = (
			);
			runOnlyForDeploymentPostprocessing = 0;
		};
/* End PBXFrameworksBuildPhase section */

/* Begin PBXGroup section */
		33614154281B10D40016247E /* Home */ = {
			isa = PBXGroup;
			children = (
				33614163281B13C10016247E /* Configurator */,
				33614158281B11030016247E /* ViewModel */,
				33614155281B10ED0016247E /* View */,
				33614166281B15DF0016247E /* HomeOutput.swift */,
			);
			path = Home;
			sourceTree = "<group>";
		};
		33614155281B10ED0016247E /* View */ = {
			isa = PBXGroup;
			children = (
				3361416D281C0E770016247E /* CollectionView */,
				33614156281B10FF0016247E /* HomeViewController.swift */,
			);
			path = View;
			sourceTree = "<group>";
		};
		33614158281B11030016247E /* ViewModel */ = {
			isa = PBXGroup;
			children = (
				3361417C281C18220016247E /* Sections */,
				33614159281B110F0016247E /* HomeViewModel.swift */,
			);
			path = ViewModel;
			sourceTree = "<group>";
		};
		33614163281B13C10016247E /* Configurator */ = {
			isa = PBXGroup;
			children = (
				33614164281B13CE0016247E /* HomeConfigurator.swift */,
			);
			path = Configurator;
			sourceTree = "<group>";
		};
		3361416A281C0E260016247E /* UI */ = {
			isa = PBXGroup;
			children = (
				3361416B281C0E330016247E /* UICollectionViewCell+.swift */,
				336141A6281C59CC0016247E /* UIImageView+.swift */,
			);
			path = UI;
			sourceTree = "<group>";
		};
		3361416D281C0E770016247E /* CollectionView */ = {
			isa = PBXGroup;
			children = (
				3361416E281C0EBC0016247E /* HomeNewsCell.swift */,
				33614197281C1D240016247E /* HomeMajorNewCell.swift */,
				3361419D281C2BFF0016247E /* HomeCollectonViewDataSource.swift */,
				336141AB281C6A220016247E /* HomeCollectionViewLayout.swift */,
			);
			path = CollectionView;
			sourceTree = "<group>";
		};
		3361417C281C18220016247E /* Sections */ = {
			isa = PBXGroup;
			children = (
				33614172281C10DF0016247E /* HomeSectionModel.swift */,
				33614174281C11DB0016247E /* HomeMajorNewCellModel.swift */,
				33614178281C15C30016247E /* HomeNewsCellModel.swift */,
			);
			path = Sections;
			sourceTree = "<group>";
		};
		3361417D281C18FD0016247E /* MainNewsList */ = {
			isa = PBXGroup;
			children = (
				3361417E281C18FD0016247E /* ViewModel */,
				33614181281C18FD0016247E /* MainNewsListOutput.swift */,
				33614182281C18FD0016247E /* Model */,
				33614186281C18FD0016247E /* View */,
				33614188281C18FD0016247E /* Configurator */,
				3361418A281C18FD0016247E /* Service */,
			);
			path = MainNewsList;
			sourceTree = "<group>";
		};
		3361417E281C18FD0016247E /* ViewModel */ = {
			isa = PBXGroup;
			children = (
				3361417F281C18FD0016247E /* MainNewsCellModel.swift */,
				33614180281C18FD0016247E /* MainNewsListViewModel.swift */,
			);
			path = ViewModel;
			sourceTree = "<group>";
		};
		33614182281C18FD0016247E /* Model */ = {
			isa = PBXGroup;
			children = (
				33614183281C18FD0016247E /* NewModel.swift */,
				33614184281C18FD0016247E /* NewsModel.swift */,
				33614185281C18FD0016247E /* NewSourceModel.swift */,
			);
			path = Model;
			sourceTree = "<group>";
		};
		33614186281C18FD0016247E /* View */ = {
			isa = PBXGroup;
			children = (
				33614187281C18FD0016247E /* MainNewsListViewController.swift */,
			);
			path = View;
			sourceTree = "<group>";
		};
		33614188281C18FD0016247E /* Configurator */ = {
			isa = PBXGroup;
			children = (
				33614189281C18FD0016247E /* MainNewsListConfigurator.swift */,
			);
			path = Configurator;
			sourceTree = "<group>";
		};
		3361418A281C18FD0016247E /* Service */ = {
			isa = PBXGroup;
			children = (
				3361418B281C18FD0016247E /* NewsServiceProtocol.swift */,
				3361418C281C18FD0016247E /* NewsService.swift */,
			);
			path = Service;
			sourceTree = "<group>";
		};
		336141A1281C58A60016247E /* Utils */ = {
			isa = PBXGroup;
			children = (
				336141A2281C58B30016247E /* ImageLoader.swift */,
				336141A4281C59190016247E /* UIImageLoader.swift */,
			);
			path = Utils;
			sourceTree = "<group>";
		};
		336141A8281C601C0016247E /* Constants */ = {
			isa = PBXGroup;
			children = (
				336141A9281C60240016247E /* Paddings.swift */,
			);
			path = Constants;
			sourceTree = "<group>";
		};
		33766047281AD68A000047C6 = {
			isa = PBXGroup;
			children = (
				33766052281AD68A000047C6 /* Stocks */,
				33766084281AD754000047C6 /* Resources */,
				33766069281AD68D000047C6 /* StocksTests */,
				33766073281AD68D000047C6 /* StocksUITests */,
				33766051281AD68A000047C6 /* Products */,
			);
			sourceTree = "<group>";
		};
		33766051281AD68A000047C6 /* Products */ = {
			isa = PBXGroup;
			children = (
				33766050281AD68A000047C6 /* Stocks.app */,
				33766066281AD68D000047C6 /* StocksTests.xctest */,
				33766070281AD68D000047C6 /* StocksUITests.xctest */,
			);
			name = Products;
			sourceTree = "<group>";
		};
		33766052281AD68A000047C6 /* Stocks */ = {
			isa = PBXGroup;
			children = (
				336141A8281C601C0016247E /* Constants */,
				336141A1281C58A60016247E /* Utils */,
				33766083281AD73A000047C6 /* App */,
				3376608B281ADC65000047C6 /* Dependency */,
				33766096281AE28B000047C6 /* Networking */,
				337660B3281B00EB000047C6 /* Extensions */,
				33766090281ADCD2000047C6 /* Modules */,
			);
			path = Stocks;
			sourceTree = "<group>";
		};
		33766069281AD68D000047C6 /* StocksTests */ = {
			isa = PBXGroup;
			children = (
				3376606A281AD68D000047C6 /* StocksTests.swift */,
			);
			path = StocksTests;
			sourceTree = "<group>";
		};
		33766073281AD68D000047C6 /* StocksUITests */ = {
			isa = PBXGroup;
			children = (
				33766074281AD68D000047C6 /* StocksUITests.swift */,
				33766076281AD68D000047C6 /* StocksUITestsLaunchTests.swift */,
			);
			path = StocksUITests;
			sourceTree = "<group>";
		};
		33766083281AD73A000047C6 /* App */ = {
			isa = PBXGroup;
			children = (
				33766087281AD7F1000047C6 /* Debug.xcconfig */,
				33766088281AD7F1000047C6 /* Release.xcconfig */,
				33766061281AD68D000047C6 /* Info.plist */,
				33766085281AD7D2000047C6 /* Configuration.swift */,
				33766053281AD68A000047C6 /* AppDelegate.swift */,
			);
			path = App;
			sourceTree = "<group>";
		};
		33766084281AD754000047C6 /* Resources */ = {
			isa = PBXGroup;
			children = (
				3376605C281AD68D000047C6 /* Assets.xcassets */,
				3376605E281AD68D000047C6 /* LaunchScreen.storyboard */,
			);
			path = Resources;
			sourceTree = "<group>";
		};
		3376608B281ADC65000047C6 /* Dependency */ = {
			isa = PBXGroup;
			children = (
				3376608C281ADC6D000047C6 /* DependencyFactory.swift */,
				3376608E281ADC75000047C6 /* DependencyFactoryProtocol.swift */,
			);
			path = Dependency;
			sourceTree = "<group>";
		};
		33766090281ADCD2000047C6 /* Modules */ = {
			isa = PBXGroup;
			children = (
				33614168281B1A940016247E /* AppCoordinator.swift */,
				33766091281ADCE8000047C6 /* Factory */,
				33614154281B10D40016247E /* Home */,
				3361417D281C18FD0016247E /* MainNewsList */,
			);
			path = Modules;
			sourceTree = "<group>";
		};
		33766091281ADCE8000047C6 /* Factory */ = {
			isa = PBXGroup;
			children = (
				33766092281ADCF0000047C6 /* ModulesFactoryProtocol.swift */,
				33766094281ADD09000047C6 /* ModulesFactory.swift */,
			);
			path = Factory;
			sourceTree = "<group>";
		};
		33766096281AE28B000047C6 /* Networking */ = {
			isa = PBXGroup;
			children = (
				3376609B281AE766000047C6 /* ArticlesAPI.swift */,
				337660A7281AECDE000047C6 /* Base */,
			);
			path = Networking;
			sourceTree = "<group>";
		};
		337660A7281AECDE000047C6 /* Base */ = {
			isa = PBXGroup;
			children = (
				337660A9281AECF7000047C6 /* URLRequest */,
				337660A8281AECE4000047C6 /* Service */,
				33766099281AE638000047C6 /* Response.swift */,
				337660A1281AECA9000047C6 /* NetworkAPI.swift */,
				337660A5281AECCE000047C6 /* HttpClientError.swift */,
				337660A3281AECC3000047C6 /* HttpMethod.swift */,
			);
			path = Base;
			sourceTree = "<group>";
		};
		337660A8281AECE4000047C6 /* Service */ = {
			isa = PBXGroup;
			children = (
				33766097281AE5E7000047C6 /* NetworkService.swift */,
			);
			path = Service;
			sourceTree = "<group>";
		};
		337660A9281AECF7000047C6 /* URLRequest */ = {
			isa = PBXGroup;
			children = (
				3376609F281AEC02000047C6 /* URLRequestBuilderProtocol.swift */,
				3376609D281AEBF8000047C6 /* URLRequestBuilder.swift */,
			);
			path = URLRequest;
			sourceTree = "<group>";
		};
		337660B3281B00EB000047C6 /* Extensions */ = {
			isa = PBXGroup;
			children = (
				3361416A281C0E260016247E /* UI */,
				337660C1281B07F8000047C6 /* Locale */,
				337660BE281B07B2000047C6 /* Formatters */,
				337660BC281B0788000047C6 /* Encoders */,
				337660BD281B0791000047C6 /* Builders */,
			);
			path = Extensions;
			sourceTree = "<group>";
		};
		337660BC281B0788000047C6 /* Encoders */ = {
			isa = PBXGroup;
			children = (
				337660B4281B00FA000047C6 /* JSONDecoder+.swift */,
			);
			path = Encoders;
			sourceTree = "<group>";
		};
		337660BD281B0791000047C6 /* Builders */ = {
			isa = PBXGroup;
			children = (
				337660B6281B014E000047C6 /* RequestBuilder+.swift */,
			);
			path = Builders;
			sourceTree = "<group>";
		};
		337660BE281B07B2000047C6 /* Formatters */ = {
			isa = PBXGroup;
			children = (
				337660BF281B07BB000047C6 /* DateFormatter+.swift */,
			);
			path = Formatters;
			sourceTree = "<group>";
		};
		337660C1281B07F8000047C6 /* Locale */ = {
			isa = PBXGroup;
			children = (
				337660C2281B07FF000047C6 /* Locale+.swift */,
			);
			path = Locale;
			sourceTree = "<group>";
		};
/* End PBXGroup section */

/* Begin PBXNativeTarget section */
		3376604F281AD68A000047C6 /* Stocks */ = {
			isa = PBXNativeTarget;
			buildConfigurationList = 3376607A281AD68D000047C6 /* Build configuration list for PBXNativeTarget "Stocks" */;
			buildPhases = (
				3376604C281AD68A000047C6 /* Sources */,
				3376604D281AD68A000047C6 /* Frameworks */,
				3376604E281AD68A000047C6 /* Resources */,
			);
			buildRules = (
			);
			dependencies = (
			);
			name = Stocks;
			productName = Stocks;
			productReference = 33766050281AD68A000047C6 /* Stocks.app */;
			productType = "com.apple.product-type.application";
		};
		33766065281AD68D000047C6 /* StocksTests */ = {
			isa = PBXNativeTarget;
			buildConfigurationList = 3376607D281AD68D000047C6 /* Build configuration list for PBXNativeTarget "StocksTests" */;
			buildPhases = (
				33766062281AD68D000047C6 /* Sources */,
				33766063281AD68D000047C6 /* Frameworks */,
				33766064281AD68D000047C6 /* Resources */,
			);
			buildRules = (
			);
			dependencies = (
				33766068281AD68D000047C6 /* PBXTargetDependency */,
			);
			name = StocksTests;
			productName = StocksTests;
			productReference = 33766066281AD68D000047C6 /* StocksTests.xctest */;
			productType = "com.apple.product-type.bundle.unit-test";
		};
		3376606F281AD68D000047C6 /* StocksUITests */ = {
			isa = PBXNativeTarget;
			buildConfigurationList = 33766080281AD68D000047C6 /* Build configuration list for PBXNativeTarget "StocksUITests" */;
			buildPhases = (
				3376606C281AD68D000047C6 /* Sources */,
				3376606D281AD68D000047C6 /* Frameworks */,
				3376606E281AD68D000047C6 /* Resources */,
			);
			buildRules = (
			);
			dependencies = (
				33766072281AD68D000047C6 /* PBXTargetDependency */,
			);
			name = StocksUITests;
			productName = StocksUITests;
			productReference = 33766070281AD68D000047C6 /* StocksUITests.xctest */;
			productType = "com.apple.product-type.bundle.ui-testing";
		};
/* End PBXNativeTarget section */

/* Begin PBXProject section */
		33766048281AD68A000047C6 /* Project object */ = {
			isa = PBXProject;
			attributes = {
				BuildIndependentTargetsInParallel = 1;
				LastSwiftUpdateCheck = 1320;
				LastUpgradeCheck = 1320;
				TargetAttributes = {
					3376604F281AD68A000047C6 = {
						CreatedOnToolsVersion = 13.2.1;
					};
					33766065281AD68D000047C6 = {
						CreatedOnToolsVersion = 13.2.1;
						TestTargetID = 3376604F281AD68A000047C6;
					};
					3376606F281AD68D000047C6 = {
						CreatedOnToolsVersion = 13.2.1;
						TestTargetID = 3376604F281AD68A000047C6;
					};
				};
			};
			buildConfigurationList = 3376604B281AD68A000047C6 /* Build configuration list for PBXProject "Stocks" */;
			compatibilityVersion = "Xcode 13.0";
			developmentRegion = en;
			hasScannedForEncodings = 0;
			knownRegions = (
				en,
				Base,
			);
			mainGroup = 33766047281AD68A000047C6;
			productRefGroup = 33766051281AD68A000047C6 /* Products */;
			projectDirPath = "";
			projectRoot = "";
			targets = (
				3376604F281AD68A000047C6 /* Stocks */,
				33766065281AD68D000047C6 /* StocksTests */,
				3376606F281AD68D000047C6 /* StocksUITests */,
			);
		};
/* End PBXProject section */

/* Begin PBXResourcesBuildPhase section */
		3376604E281AD68A000047C6 /* Resources */ = {
			isa = PBXResourcesBuildPhase;
			buildActionMask = 2147483647;
			files = (
				3376608A281AD7F1000047C6 /* Release.xcconfig in Resources */,
				33766060281AD68D000047C6 /* LaunchScreen.storyboard in Resources */,
				3376605D281AD68D000047C6 /* Assets.xcassets in Resources */,
				33766089281AD7F1000047C6 /* Debug.xcconfig in Resources */,
			);
			runOnlyForDeploymentPostprocessing = 0;
		};
		33766064281AD68D000047C6 /* Resources */ = {
			isa = PBXResourcesBuildPhase;
			buildActionMask = 2147483647;
			files = (
			);
			runOnlyForDeploymentPostprocessing = 0;
		};
		3376606E281AD68D000047C6 /* Resources */ = {
			isa = PBXResourcesBuildPhase;
			buildActionMask = 2147483647;
			files = (
			);
			runOnlyForDeploymentPostprocessing = 0;
		};
/* End PBXResourcesBuildPhase section */

/* Begin PBXSourcesBuildPhase section */
		3376604C281AD68A000047C6 /* Sources */ = {
			isa = PBXSourcesBuildPhase;
			buildActionMask = 2147483647;
			files = (
				3376609E281AEBF8000047C6 /* URLRequestBuilder.swift in Sources */,
				33766095281ADD09000047C6 /* ModulesFactory.swift in Sources */,
				3361418F281C18FD0016247E /* MainNewsListOutput.swift in Sources */,
				33614169281B1A940016247E /* AppCoordinator.swift in Sources */,
				33766086281AD7D2000047C6 /* Configuration.swift in Sources */,
				33766098281AE5E7000047C6 /* NetworkService.swift in Sources */,
				3376608D281ADC6D000047C6 /* DependencyFactory.swift in Sources */,
				3376609A281AE638000047C6 /* Response.swift in Sources */,
				33766093281ADCF0000047C6 /* ModulesFactoryProtocol.swift in Sources */,
				337660A0281AEC02000047C6 /* URLRequestBuilderProtocol.swift in Sources */,
				3361418E281C18FD0016247E /* MainNewsListViewModel.swift in Sources */,
				3361418D281C18FD0016247E /* MainNewsCellModel.swift in Sources */,
				336141A7281C59CC0016247E /* UIImageView+.swift in Sources */,
				33614167281B15DF0016247E /* HomeOutput.swift in Sources */,
				33614192281C18FD0016247E /* NewSourceModel.swift in Sources */,
				336141A3281C58B30016247E /* ImageLoader.swift in Sources */,
				3361416C281C0E340016247E /* UICollectionViewCell+.swift in Sources */,
				33614198281C1D240016247E /* HomeMajorNewCell.swift in Sources */,
				33614165281B13CE0016247E /* HomeConfigurator.swift in Sources */,
				336141A5281C59190016247E /* UIImageLoader.swift in Sources */,
				337660C0281B07BB000047C6 /* DateFormatter+.swift in Sources */,
				3376609C281AE766000047C6 /* ArticlesAPI.swift in Sources */,
				337660A4281AECC3000047C6 /* HttpMethod.swift in Sources */,
				336141AA281C60240016247E /* Paddings.swift in Sources */,
				33614175281C11DB0016247E /* HomeMajorNewCellModel.swift in Sources */,
				33614194281C18FD0016247E /* MainNewsListConfigurator.swift in Sources */,
				33766054281AD68A000047C6 /* AppDelegate.swift in Sources */,
				337660B7281B014E000047C6 /* RequestBuilder+.swift in Sources */,
				3361416F281C0EBC0016247E /* HomeNewsCell.swift in Sources */,
				33614195281C18FD0016247E /* NewsServiceProtocol.swift in Sources */,
				33614190281C18FD0016247E /* NewModel.swift in Sources */,
				33614179281C15C30016247E /* HomeNewsCellModel.swift in Sources */,
				337660C3281B07FF000047C6 /* Locale+.swift in Sources */,
				3376608F281ADC75000047C6 /* DependencyFactoryProtocol.swift in Sources */,
				33614191281C18FD0016247E /* NewsModel.swift in Sources */,
				33614173281C10DF0016247E /* HomeSectionModel.swift in Sources */,
				3361415A281B110F0016247E /* HomeViewModel.swift in Sources */,
				337660A6281AECCE000047C6 /* HttpClientError.swift in Sources */,
				33614196281C18FD0016247E /* NewsService.swift in Sources */,
				3361419E281C2BFF0016247E /* HomeCollectonViewDataSource.swift in Sources */,
				33614157281B10FF0016247E /* HomeViewController.swift in Sources */,
				33614193281C18FD0016247E /* MainNewsListViewController.swift in Sources */,
				336141AC281C6A220016247E /* HomeCollectionViewLayout.swift in Sources */,
				337660A2281AECA9000047C6 /* NetworkAPI.swift in Sources */,
				337660B5281B00FA000047C6 /* JSONDecoder+.swift in Sources */,
			);
			runOnlyForDeploymentPostprocessing = 0;
		};
		33766062281AD68D000047C6 /* Sources */ = {
			isa = PBXSourcesBuildPhase;
			buildActionMask = 2147483647;
			files = (
				3376606B281AD68D000047C6 /* StocksTests.swift in Sources */,
			);
			runOnlyForDeploymentPostprocessing = 0;
		};
		3376606C281AD68D000047C6 /* Sources */ = {
			isa = PBXSourcesBuildPhase;
			buildActionMask = 2147483647;
			files = (
				33766075281AD68D000047C6 /* StocksUITests.swift in Sources */,
				33766077281AD68D000047C6 /* StocksUITestsLaunchTests.swift in Sources */,
			);
			runOnlyForDeploymentPostprocessing = 0;
		};
/* End PBXSourcesBuildPhase section */

/* Begin PBXTargetDependency section */
		33766068281AD68D000047C6 /* PBXTargetDependency */ = {
			isa = PBXTargetDependency;
			target = 3376604F281AD68A000047C6 /* Stocks */;
			targetProxy = 33766067281AD68D000047C6 /* PBXContainerItemProxy */;
		};
		33766072281AD68D000047C6 /* PBXTargetDependency */ = {
			isa = PBXTargetDependency;
			target = 3376604F281AD68A000047C6 /* Stocks */;
			targetProxy = 33766071281AD68D000047C6 /* PBXContainerItemProxy */;
		};
/* End PBXTargetDependency section */

/* Begin PBXVariantGroup section */
		3376605E281AD68D000047C6 /* LaunchScreen.storyboard */ = {
			isa = PBXVariantGroup;
			children = (
				3376605F281AD68D000047C6 /* Base */,
			);
			name = LaunchScreen.storyboard;
			sourceTree = "<group>";
		};
/* End PBXVariantGroup section */

/* Begin XCBuildConfiguration section */
		33766078281AD68D000047C6 /* Debug */ = {
			isa = XCBuildConfiguration;
			baseConfigurationReference = 33766087281AD7F1000047C6 /* Debug.xcconfig */;
			buildSettings = {
				ALWAYS_SEARCH_USER_PATHS = NO;
				CLANG_ANALYZER_NONNULL = YES;
				CLANG_ANALYZER_NUMBER_OBJECT_CONVERSION = YES_AGGRESSIVE;
				CLANG_CXX_LANGUAGE_STANDARD = "gnu++17";
				CLANG_CXX_LIBRARY = "libc++";
				CLANG_ENABLE_MODULES = YES;
				CLANG_ENABLE_OBJC_ARC = YES;
				CLANG_ENABLE_OBJC_WEAK = YES;
				CLANG_WARN_BLOCK_CAPTURE_AUTORELEASING = YES;
				CLANG_WARN_BOOL_CONVERSION = YES;
				CLANG_WARN_COMMA = YES;
				CLANG_WARN_CONSTANT_CONVERSION = YES;
				CLANG_WARN_DEPRECATED_OBJC_IMPLEMENTATIONS = YES;
				CLANG_WARN_DIRECT_OBJC_ISA_USAGE = YES_ERROR;
				CLANG_WARN_DOCUMENTATION_COMMENTS = YES;
				CLANG_WARN_EMPTY_BODY = YES;
				CLANG_WARN_ENUM_CONVERSION = YES;
				CLANG_WARN_INFINITE_RECURSION = YES;
				CLANG_WARN_INT_CONVERSION = YES;
				CLANG_WARN_NON_LITERAL_NULL_CONVERSION = YES;
				CLANG_WARN_OBJC_IMPLICIT_RETAIN_SELF = YES;
				CLANG_WARN_OBJC_LITERAL_CONVERSION = YES;
				CLANG_WARN_OBJC_ROOT_CLASS = YES_ERROR;
				CLANG_WARN_QUOTED_INCLUDE_IN_FRAMEWORK_HEADER = YES;
				CLANG_WARN_RANGE_LOOP_ANALYSIS = YES;
				CLANG_WARN_STRICT_PROTOTYPES = YES;
				CLANG_WARN_SUSPICIOUS_MOVE = YES;
				CLANG_WARN_UNGUARDED_AVAILABILITY = YES_AGGRESSIVE;
				CLANG_WARN_UNREACHABLE_CODE = YES;
				CLANG_WARN__DUPLICATE_METHOD_MATCH = YES;
				COPY_PHASE_STRIP = NO;
				DEBUG_INFORMATION_FORMAT = dwarf;
				ENABLE_STRICT_OBJC_MSGSEND = YES;
				ENABLE_TESTABILITY = YES;
				GCC_C_LANGUAGE_STANDARD = gnu11;
				GCC_DYNAMIC_NO_PIC = NO;
				GCC_NO_COMMON_BLOCKS = YES;
				GCC_OPTIMIZATION_LEVEL = 0;
				GCC_PREPROCESSOR_DEFINITIONS = (
					"DEBUG=1",
					"$(inherited)",
				);
				GCC_WARN_64_TO_32_BIT_CONVERSION = YES;
				GCC_WARN_ABOUT_RETURN_TYPE = YES_ERROR;
				GCC_WARN_UNDECLARED_SELECTOR = YES;
				GCC_WARN_UNINITIALIZED_AUTOS = YES_AGGRESSIVE;
				GCC_WARN_UNUSED_FUNCTION = YES;
				GCC_WARN_UNUSED_VARIABLE = YES;
				IPHONEOS_DEPLOYMENT_TARGET = 15.2;
				MTL_ENABLE_DEBUG_INFO = INCLUDE_SOURCE;
				MTL_FAST_MATH = YES;
				ONLY_ACTIVE_ARCH = YES;
				SDKROOT = iphoneos;
				SWIFT_ACTIVE_COMPILATION_CONDITIONS = DEBUG;
				SWIFT_OPTIMIZATION_LEVEL = "-Onone";
			};
			name = Debug;
		};
		33766079281AD68D000047C6 /* Release */ = {
			isa = XCBuildConfiguration;
			baseConfigurationReference = 33766088281AD7F1000047C6 /* Release.xcconfig */;
			buildSettings = {
				ALWAYS_SEARCH_USER_PATHS = NO;
				CLANG_ANALYZER_NONNULL = YES;
				CLANG_ANALYZER_NUMBER_OBJECT_CONVERSION = YES_AGGRESSIVE;
				CLANG_CXX_LANGUAGE_STANDARD = "gnu++17";
				CLANG_CXX_LIBRARY = "libc++";
				CLANG_ENABLE_MODULES = YES;
				CLANG_ENABLE_OBJC_ARC = YES;
				CLANG_ENABLE_OBJC_WEAK = YES;
				CLANG_WARN_BLOCK_CAPTURE_AUTORELEASING = YES;
				CLANG_WARN_BOOL_CONVERSION = YES;
				CLANG_WARN_COMMA = YES;
				CLANG_WARN_CONSTANT_CONVERSION = YES;
				CLANG_WARN_DEPRECATED_OBJC_IMPLEMENTATIONS = YES;
				CLANG_WARN_DIRECT_OBJC_ISA_USAGE = YES_ERROR;
				CLANG_WARN_DOCUMENTATION_COMMENTS = YES;
				CLANG_WARN_EMPTY_BODY = YES;
				CLANG_WARN_ENUM_CONVERSION = YES;
				CLANG_WARN_INFINITE_RECURSION = YES;
				CLANG_WARN_INT_CONVERSION = YES;
				CLANG_WARN_NON_LITERAL_NULL_CONVERSION = YES;
				CLANG_WARN_OBJC_IMPLICIT_RETAIN_SELF = YES;
				CLANG_WARN_OBJC_LITERAL_CONVERSION = YES;
				CLANG_WARN_OBJC_ROOT_CLASS = YES_ERROR;
				CLANG_WARN_QUOTED_INCLUDE_IN_FRAMEWORK_HEADER = YES;
				CLANG_WARN_RANGE_LOOP_ANALYSIS = YES;
				CLANG_WARN_STRICT_PROTOTYPES = YES;
				CLANG_WARN_SUSPICIOUS_MOVE = YES;
				CLANG_WARN_UNGUARDED_AVAILABILITY = YES_AGGRESSIVE;
				CLANG_WARN_UNREACHABLE_CODE = YES;
				CLANG_WARN__DUPLICATE_METHOD_MATCH = YES;
				COPY_PHASE_STRIP = NO;
				DEBUG_INFORMATION_FORMAT = "dwarf-with-dsym";
				ENABLE_NS_ASSERTIONS = NO;
				ENABLE_STRICT_OBJC_MSGSEND = YES;
				GCC_C_LANGUAGE_STANDARD = gnu11;
				GCC_NO_COMMON_BLOCKS = YES;
				GCC_WARN_64_TO_32_BIT_CONVERSION = YES;
				GCC_WARN_ABOUT_RETURN_TYPE = YES_ERROR;
				GCC_WARN_UNDECLARED_SELECTOR = YES;
				GCC_WARN_UNINITIALIZED_AUTOS = YES_AGGRESSIVE;
				GCC_WARN_UNUSED_FUNCTION = YES;
				GCC_WARN_UNUSED_VARIABLE = YES;
				IPHONEOS_DEPLOYMENT_TARGET = 15.2;
				MTL_ENABLE_DEBUG_INFO = NO;
				MTL_FAST_MATH = YES;
				SDKROOT = iphoneos;
				SWIFT_COMPILATION_MODE = wholemodule;
				SWIFT_OPTIMIZATION_LEVEL = "-O";
				VALIDATE_PRODUCT = YES;
			};
			name = Release;
		};
		3376607B281AD68D000047C6 /* Debug */ = {
			isa = XCBuildConfiguration;
			baseConfigurationReference = 33766087281AD7F1000047C6 /* Debug.xcconfig */;
			buildSettings = {
				ASSETCATALOG_COMPILER_APPICON_NAME = AppIcon;
				ASSETCATALOG_COMPILER_GLOBAL_ACCENT_COLOR_NAME = AccentColor;
				CODE_SIGN_STYLE = Automatic;
				CURRENT_PROJECT_VERSION = 1;
				DEVELOPMENT_TEAM = Z95MCX3Q6Y;
				GENERATE_INFOPLIST_FILE = YES;
				INFOPLIST_FILE = Stocks/App/Info.plist;
				INFOPLIST_KEY_UIApplicationSupportsIndirectInputEvents = YES;
				INFOPLIST_KEY_UILaunchStoryboardName = LaunchScreen;
				INFOPLIST_KEY_UISupportedInterfaceOrientations_iPad = "UIInterfaceOrientationPortrait UIInterfaceOrientationPortraitUpsideDown UIInterfaceOrientationLandscapeLeft UIInterfaceOrientationLandscapeRight";
				INFOPLIST_KEY_UISupportedInterfaceOrientations_iPhone = "UIInterfaceOrientationPortrait UIInterfaceOrientationLandscapeLeft UIInterfaceOrientationLandscapeRight";
				LD_RUNPATH_SEARCH_PATHS = (
					"$(inherited)",
					"@executable_path/Frameworks",
				);
				MARKETING_VERSION = 1.0;
				PRODUCT_NAME = "$(TARGET_NAME)";
				SWIFT_EMIT_LOC_STRINGS = YES;
				SWIFT_VERSION = 5.0;
				TARGETED_DEVICE_FAMILY = "1,2";
			};
			name = Debug;
		};
		3376607C281AD68D000047C6 /* Release */ = {
			isa = XCBuildConfiguration;
			baseConfigurationReference = 33766088281AD7F1000047C6 /* Release.xcconfig */;
			buildSettings = {
				ASSETCATALOG_COMPILER_APPICON_NAME = AppIcon;
				ASSETCATALOG_COMPILER_GLOBAL_ACCENT_COLOR_NAME = AccentColor;
				CODE_SIGN_STYLE = Automatic;
				CURRENT_PROJECT_VERSION = 1;
				DEVELOPMENT_TEAM = Z95MCX3Q6Y;
				GENERATE_INFOPLIST_FILE = YES;
				INFOPLIST_FILE = Stocks/App/Info.plist;
				INFOPLIST_KEY_UIApplicationSupportsIndirectInputEvents = YES;
				INFOPLIST_KEY_UILaunchStoryboardName = LaunchScreen;
				INFOPLIST_KEY_UISupportedInterfaceOrientations_iPad = "UIInterfaceOrientationPortrait UIInterfaceOrientationPortraitUpsideDown UIInterfaceOrientationLandscapeLeft UIInterfaceOrientationLandscapeRight";
				INFOPLIST_KEY_UISupportedInterfaceOrientations_iPhone = "UIInterfaceOrientationPortrait UIInterfaceOrientationLandscapeLeft UIInterfaceOrientationLandscapeRight";
				LD_RUNPATH_SEARCH_PATHS = (
					"$(inherited)",
					"@executable_path/Frameworks",
				);
				MARKETING_VERSION = 1.0;
				PRODUCT_NAME = "$(TARGET_NAME)";
				SWIFT_EMIT_LOC_STRINGS = YES;
				SWIFT_VERSION = 5.0;
				TARGETED_DEVICE_FAMILY = "1,2";
			};
			name = Release;
		};
		3376607E281AD68D000047C6 /* Debug */ = {
			isa = XCBuildConfiguration;
			baseConfigurationReference = 33766087281AD7F1000047C6 /* Debug.xcconfig */;
			buildSettings = {
				ALWAYS_EMBED_SWIFT_STANDARD_LIBRARIES = YES;
				BUNDLE_LOADER = "$(TEST_HOST)";
				CODE_SIGN_STYLE = Automatic;
				CURRENT_PROJECT_VERSION = 1;
				DEVELOPMENT_TEAM = Z95MCX3Q6Y;
				GENERATE_INFOPLIST_FILE = YES;
				IPHONEOS_DEPLOYMENT_TARGET = 15.2;
				MARKETING_VERSION = 1.0;
				PRODUCT_BUNDLE_IDENTIFIER = funnyanimals.StocksTests;
				PRODUCT_NAME = "$(TARGET_NAME)";
				SWIFT_EMIT_LOC_STRINGS = NO;
				SWIFT_VERSION = 5.0;
				TARGETED_DEVICE_FAMILY = "1,2";
				TEST_HOST = "$(BUILT_PRODUCTS_DIR)/Stocks.app/Stocks";
			};
			name = Debug;
		};
		3376607F281AD68D000047C6 /* Release */ = {
			isa = XCBuildConfiguration;
			baseConfigurationReference = 33766088281AD7F1000047C6 /* Release.xcconfig */;
			buildSettings = {
				ALWAYS_EMBED_SWIFT_STANDARD_LIBRARIES = YES;
				BUNDLE_LOADER = "$(TEST_HOST)";
				CODE_SIGN_STYLE = Automatic;
				CURRENT_PROJECT_VERSION = 1;
				DEVELOPMENT_TEAM = Z95MCX3Q6Y;
				GENERATE_INFOPLIST_FILE = YES;
				IPHONEOS_DEPLOYMENT_TARGET = 15.2;
				MARKETING_VERSION = 1.0;
				PRODUCT_BUNDLE_IDENTIFIER = funnyanimals.StocksTests;
				PRODUCT_NAME = "$(TARGET_NAME)";
				SWIFT_EMIT_LOC_STRINGS = NO;
				SWIFT_VERSION = 5.0;
				TARGETED_DEVICE_FAMILY = "1,2";
				TEST_HOST = "$(BUILT_PRODUCTS_DIR)/Stocks.app/Stocks";
			};
			name = Release;
		};
		33766081281AD68D000047C6 /* Debug */ = {
			isa = XCBuildConfiguration;
			baseConfigurationReference = 33766087281AD7F1000047C6 /* Debug.xcconfig */;
			buildSettings = {
				ALWAYS_EMBED_SWIFT_STANDARD_LIBRARIES = YES;
				CODE_SIGN_STYLE = Automatic;
				CURRENT_PROJECT_VERSION = 1;
				DEVELOPMENT_TEAM = Z95MCX3Q6Y;
				GENERATE_INFOPLIST_FILE = YES;
				MARKETING_VERSION = 1.0;
				PRODUCT_BUNDLE_IDENTIFIER = funnyanimals.StocksUITests;
				PRODUCT_NAME = "$(TARGET_NAME)";
				SWIFT_EMIT_LOC_STRINGS = NO;
				SWIFT_VERSION = 5.0;
				TARGETED_DEVICE_FAMILY = "1,2";
				TEST_TARGET_NAME = Stocks;
			};
			name = Debug;
		};
		33766082281AD68D000047C6 /* Release */ = {
			isa = XCBuildConfiguration;
			baseConfigurationReference = 33766088281AD7F1000047C6 /* Release.xcconfig */;
			buildSettings = {
				ALWAYS_EMBED_SWIFT_STANDARD_LIBRARIES = YES;
				CODE_SIGN_STYLE = Automatic;
				CURRENT_PROJECT_VERSION = 1;
				DEVELOPMENT_TEAM = Z95MCX3Q6Y;
				GENERATE_INFOPLIST_FILE = YES;
				MARKETING_VERSION = 1.0;
				PRODUCT_BUNDLE_IDENTIFIER = funnyanimals.StocksUITests;
				PRODUCT_NAME = "$(TARGET_NAME)";
				SWIFT_EMIT_LOC_STRINGS = NO;
				SWIFT_VERSION = 5.0;
				TARGETED_DEVICE_FAMILY = "1,2";
				TEST_TARGET_NAME = Stocks;
			};
			name = Release;
		};
/* End XCBuildConfiguration section */

/* Begin XCConfigurationList section */
		3376604B281AD68A000047C6 /* Build configuration list for PBXProject "Stocks" */ = {
			isa = XCConfigurationList;
			buildConfigurations = (
				33766078281AD68D000047C6 /* Debug */,
				33766079281AD68D000047C6 /* Release */,
			);
			defaultConfigurationIsVisible = 0;
			defaultConfigurationName = Release;
		};
		3376607A281AD68D000047C6 /* Build configuration list for PBXNativeTarget "Stocks" */ = {
			isa = XCConfigurationList;
			buildConfigurations = (
				3376607B281AD68D000047C6 /* Debug */,
				3376607C281AD68D000047C6 /* Release */,
			);
			defaultConfigurationIsVisible = 0;
			defaultConfigurationName = Release;
		};
		3376607D281AD68D000047C6 /* Build configuration list for PBXNativeTarget "StocksTests" */ = {
			isa = XCConfigurationList;
			buildConfigurations = (
				3376607E281AD68D000047C6 /* Debug */,
				3376607F281AD68D000047C6 /* Release */,
			);
			defaultConfigurationIsVisible = 0;
			defaultConfigurationName = Release;
		};
		33766080281AD68D000047C6 /* Build configuration list for PBXNativeTarget "StocksUITests" */ = {
			isa = XCConfigurationList;
			buildConfigurations = (
				33766081281AD68D000047C6 /* Debug */,
				33766082281AD68D000047C6 /* Release */,
			);
			defaultConfigurationIsVisible = 0;
			defaultConfigurationName = Release;
		};
/* End XCConfigurationList section */
	};
	rootObject = 33766048281AD68A000047C6 /* Project object */;
}
